
Microsoft Visual Studio Solution File, Format Version 12.00
# Visual Studio Version 17
VisualStudioVersion = 17.0.32112.339
MinimumVisualStudioVersion = 10.0.40219.1
Project("{FAE04EC0-301F-11D3-BF4B-00C04F79EFBC}") = "06. ReversedChars", "06. ReversedChars\06. ReversedChars.csproj", "{96145B42-A0AB-4FAC-8FAA-394D8CCFA75E}"
EndProject
Project("{FAE04EC0-301F-11D3-BF4B-00C04F79EFBC}") = "07.ConcatNames", "07.ConcatNames\07.ConcatNames.csproj", "{1DA2AC03-39A1-4759-A3D3-85B0BE4AE99A}"
EndProject
Project("{FAE04EC0-301F-11D3-BF4B-00C04F79EFBC}") = "08.TownInfo", "08.TownInfo\08.TownInfo.csproj", "{96AF571F-D060-40D5-A10D-F30301B1B410}"
EndProject
Project("{FAE04EC0-301F-11D3-BF4B-00C04F79EFBC}") = "09.CharsToString", "09.CharsToString\09.CharsToString.csproj", "{5E7826DF-F1AE-4D84-8533-914D0FD94638}"
EndProject
Project("{FAE04EC0-301F-11D3-BF4B-00C04F79EFBC}") = "12.RefactorSpecialNumbers", "12.RefactorSpecialNumbers\12.RefactorSpecialNumbers.csproj", "{3858F3D6-2C56-4032-8624-5412C74E679E}"
EndProject
Global
	GlobalSection(SolutionConfigurationPlatforms) = preSolution
		Debug|Any CPU = Debug|Any CPU
		Release|Any CPU = Release|Any CPU
	EndGlobalSection
	GlobalSection(ProjectConfigurationPlatforms) = postSolution
		{96145B42-A0AB-4FAC-8FAA-394D8CCFA75E}.Debug|Any CPU.ActiveCfg = Debug|Any CPU
		{96145B42-A0AB-4FAC-8FAA-394D8CCFA75E}.Debug|Any CPU.Build.0 = Debug|Any CPU
		{96145B42-A0AB-4FAC-8FAA-394D8CCFA75E}.Release|Any CPU.ActiveCfg = Release|Any CPU
		{96145B42-A0AB-4FAC-8FAA-394D8CCFA75E}.Release|Any CPU.Build.0 = Release|Any CPU
		{1DA2AC03-39A1-4759-A3D3-85B0BE4AE99A}.Debug|Any CPU.ActiveCfg = Debug|Any CPU
		{1DA2AC03-39A1-4759-A3D3-85B0BE4AE99A}.Debug|Any CPU.Build.0 = Debug|Any CPU
		{1DA2AC03-39A1-4759-A3D3-85B0BE4AE99A}.Release|Any CPU.ActiveCfg = Release|Any CPU
		{1DA2AC03-39A1-4759-A3D3-85B0BE4AE99A}.Release|Any CPU.Build.0 = Release|Any CPU
		{96AF571F-D060-40D5-A10D-F30301B1B410}.Debug|Any CPU.ActiveCfg = Debug|Any CPU
		{96AF571F-D060-40D5-A10D-F30301B1B410}.Debug|Any CPU.Build.0 = Debug|Any CPU
		{96AF571F-D060-40D5-A10D-F30301B1B410}.Release|Any CPU.ActiveCfg = Release|Any CPU
		{96AF571F-D060-40D5-A10D-F30301B1B410}.Release|Any CPU.Build.0 = Release|Any CPU
		{5E7826DF-F1AE-4D84-8533-914D0FD94638}.Debug|Any CPU.ActiveCfg = Debug|Any CPU
		{5E7826DF-F1AE-4D84-8533-914D0FD94638}.Debug|Any CPU.Build.0 = Debug|Any CPU
		{5E7826DF-F1AE-4D84-8533-914D0FD94638}.Release|Any CPU.ActiveCfg = Release|Any CPU
		{5E7826DF-F1AE-4D84-8533-914D0FD94638}.Release|Any CPU.Build.0 = Release|Any CPU
		{3858F3D6-2C56-4032-8624-5412C74E679E}.Debug|Any CPU.ActiveCfg = Debug|Any CPU
		{3858F3D6-2C56-4032-8624-5412C74E679E}.Debug|Any CPU.Build.0 = Debug|Any CPU
		{3858F3D6-2C56-4032-8624-5412C74E679E}.Release|Any CPU.ActiveCfg = Release|Any CPU
		{3858F3D6-2C56-4032-8624-5412C74E679E}.Release|Any CPU.Build.0 = Release|Any CPU
	EndGlobalSection
	GlobalSection(SolutionProperties) = preSolution
		HideSolutionNode = FALSE
	EndGlobalSection
	GlobalSection(ExtensibilityGlobals) = postSolution
		SolutionGuid = {904E15A1-A4C5-420E-8C2E-0652048E376B}
	EndGlobalSection
EndGlobal
