
Microsoft Visual Studio Solution File, Format Version 12.00
# Visual Studio Version 17
VisualStudioVersion = 17.0.32112.339
MinimumVisualStudioVersion = 10.0.40219.1
Project("{FAE04EC0-301F-11D3-BF4B-00C04F79EFBC}") = "01.Clock", "01.Clock\01.Clock.csproj", "{1D2143AB-D93B-4751-AA02-56091092879F}"
EndProject
Project("{FAE04EC0-301F-11D3-BF4B-00C04F79EFBC}") = "03.Combinations", "03.Combinations\03.Combinations.csproj", "{B8C7D294-C03D-4C07-88C7-3071D67D6DC1}"
EndProject
Project("{FAE04EC0-301F-11D3-BF4B-00C04F79EFBC}") = "04.SumOfTwoNumbers", "04.SumOfTwoNumbers\04.SumOfTwoNumbers.csproj", "{BF2DBC2C-2C32-4F3C-ACB9-AF9FFD89EC54}"
EndProject
Project("{FAE04EC0-301F-11D3-BF4B-00C04F79EFBC}") = "05.Travelling", "05.Travelling\05.Travelling.csproj", "{A560D6A6-CFE6-42F7-8D25-30946EC4119F}"
EndProject
Project("{FAE04EC0-301F-11D3-BF4B-00C04F79EFBC}") = "06.Building", "06.Building\06.Building.csproj", "{E71A5E22-6CAB-4C21-B520-AA40AC3B23A0}"
EndProject
Global
	GlobalSection(SolutionConfigurationPlatforms) = preSolution
		Debug|Any CPU = Debug|Any CPU
		Release|Any CPU = Release|Any CPU
	EndGlobalSection
	GlobalSection(ProjectConfigurationPlatforms) = postSolution
		{1D2143AB-D93B-4751-AA02-56091092879F}.Debug|Any CPU.ActiveCfg = Debug|Any CPU
		{1D2143AB-D93B-4751-AA02-56091092879F}.Debug|Any CPU.Build.0 = Debug|Any CPU
		{1D2143AB-D93B-4751-AA02-56091092879F}.Release|Any CPU.ActiveCfg = Release|Any CPU
		{1D2143AB-D93B-4751-AA02-56091092879F}.Release|Any CPU.Build.0 = Release|Any CPU
		{B8C7D294-C03D-4C07-88C7-3071D67D6DC1}.Debug|Any CPU.ActiveCfg = Debug|Any CPU
		{B8C7D294-C03D-4C07-88C7-3071D67D6DC1}.Debug|Any CPU.Build.0 = Debug|Any CPU
		{B8C7D294-C03D-4C07-88C7-3071D67D6DC1}.Release|Any CPU.ActiveCfg = Release|Any CPU
		{B8C7D294-C03D-4C07-88C7-3071D67D6DC1}.Release|Any CPU.Build.0 = Release|Any CPU
		{BF2DBC2C-2C32-4F3C-ACB9-AF9FFD89EC54}.Debug|Any CPU.ActiveCfg = Debug|Any CPU
		{BF2DBC2C-2C32-4F3C-ACB9-AF9FFD89EC54}.Debug|Any CPU.Build.0 = Debug|Any CPU
		{BF2DBC2C-2C32-4F3C-ACB9-AF9FFD89EC54}.Release|Any CPU.ActiveCfg = Release|Any CPU
		{BF2DBC2C-2C32-4F3C-ACB9-AF9FFD89EC54}.Release|Any CPU.Build.0 = Release|Any CPU
		{A560D6A6-CFE6-42F7-8D25-30946EC4119F}.Debug|Any CPU.ActiveCfg = Debug|Any CPU
		{A560D6A6-CFE6-42F7-8D25-30946EC4119F}.Debug|Any CPU.Build.0 = Debug|Any CPU
		{A560D6A6-CFE6-42F7-8D25-30946EC4119F}.Release|Any CPU.ActiveCfg = Release|Any CPU
		{A560D6A6-CFE6-42F7-8D25-30946EC4119F}.Release|Any CPU.Build.0 = Release|Any CPU
		{E71A5E22-6CAB-4C21-B520-AA40AC3B23A0}.Debug|Any CPU.ActiveCfg = Debug|Any CPU
		{E71A5E22-6CAB-4C21-B520-AA40AC3B23A0}.Debug|Any CPU.Build.0 = Debug|Any CPU
		{E71A5E22-6CAB-4C21-B520-AA40AC3B23A0}.Release|Any CPU.ActiveCfg = Release|Any CPU
		{E71A5E22-6CAB-4C21-B520-AA40AC3B23A0}.Release|Any CPU.Build.0 = Release|Any CPU
	EndGlobalSection
	GlobalSection(SolutionProperties) = preSolution
		HideSolutionNode = FALSE
	EndGlobalSection
	GlobalSection(ExtensibilityGlobals) = postSolution
		SolutionGuid = {A9116176-A1CC-4B64-8D3A-E1AB87576E03}
	EndGlobalSection
EndGlobal
