
Microsoft Visual Studio Solution File, Format Version 12.00
# Visual Studio Version 17
VisualStudioVersion = 17.0.32112.339
MinimumVisualStudioVersion = 10.0.40219.1
Project("{9A19103F-16F7-4668-BE54-9A1E7A4F7556}") = "01. Excellent Result", "01. Excellent Result\01. Excellent Result.csproj", "{A41EF78E-389A-478C-9DAE-C125552D85B7}"
EndProject
Project("{9A19103F-16F7-4668-BE54-9A1E7A4F7556}") = "GreatestNumber", "GreatestNumber\GreatestNumber.csproj", "{12610519-5986-4A7B-9FAF-DDD2E225B175}"
EndProject
Project("{9A19103F-16F7-4668-BE54-9A1E7A4F7556}") = "evenorodd", "evenorodd\evenorodd.csproj", "{603D8B74-F521-4331-A8C6-43FB24B9465C}"
EndProject
Project("{9A19103F-16F7-4668-BE54-9A1E7A4F7556}") = "passwordguesser", "passwordguesser\passwordguesser.csproj", "{D2D036E1-368F-43A2-A6AD-1DC7AC868314}"
EndProject
Project("{FAE04EC0-301F-11D3-BF4B-00C04F79EFBC}") = "passguesss", "passguesss\passguesss.csproj", "{67B599BE-DF01-46AF-9E28-80F8809F8468}"
EndProject
Project("{FAE04EC0-301F-11D3-BF4B-00C04F79EFBC}") = "numbers", "numbers\numbers.csproj", "{6B36CAF8-41C5-450B-9241-0E4BC1078B23}"
EndProject
Project("{FAE04EC0-301F-11D3-BF4B-00C04F79EFBC}") = "speedinfgo", "speedinfgo\speedinfgo.csproj", "{193C97DE-8F6D-481C-BF69-9AA293C760DB}"
EndProject
Project("{FAE04EC0-301F-11D3-BF4B-00C04F79EFBC}") = "areas", "areas\areas.csproj", "{A0DBE7AD-3B45-4595-9B06-F12A6F571CF6}"
EndProject
Global
	GlobalSection(SolutionConfigurationPlatforms) = preSolution
		Debug|Any CPU = Debug|Any CPU
		Release|Any CPU = Release|Any CPU
	EndGlobalSection
	GlobalSection(ProjectConfigurationPlatforms) = postSolution
		{A41EF78E-389A-478C-9DAE-C125552D85B7}.Debug|Any CPU.ActiveCfg = Debug|Any CPU
		{A41EF78E-389A-478C-9DAE-C125552D85B7}.Debug|Any CPU.Build.0 = Debug|Any CPU
		{A41EF78E-389A-478C-9DAE-C125552D85B7}.Release|Any CPU.ActiveCfg = Release|Any CPU
		{A41EF78E-389A-478C-9DAE-C125552D85B7}.Release|Any CPU.Build.0 = Release|Any CPU
		{12610519-5986-4A7B-9FAF-DDD2E225B175}.Debug|Any CPU.ActiveCfg = Debug|Any CPU
		{12610519-5986-4A7B-9FAF-DDD2E225B175}.Debug|Any CPU.Build.0 = Debug|Any CPU
		{12610519-5986-4A7B-9FAF-DDD2E225B175}.Release|Any CPU.ActiveCfg = Release|Any CPU
		{12610519-5986-4A7B-9FAF-DDD2E225B175}.Release|Any CPU.Build.0 = Release|Any CPU
		{603D8B74-F521-4331-A8C6-43FB24B9465C}.Debug|Any CPU.ActiveCfg = Debug|Any CPU
		{603D8B74-F521-4331-A8C6-43FB24B9465C}.Debug|Any CPU.Build.0 = Debug|Any CPU
		{603D8B74-F521-4331-A8C6-43FB24B9465C}.Release|Any CPU.ActiveCfg = Release|Any CPU
		{603D8B74-F521-4331-A8C6-43FB24B9465C}.Release|Any CPU.Build.0 = Release|Any CPU
		{D2D036E1-368F-43A2-A6AD-1DC7AC868314}.Debug|Any CPU.ActiveCfg = Debug|Any CPU
		{D2D036E1-368F-43A2-A6AD-1DC7AC868314}.Debug|Any CPU.Build.0 = Debug|Any CPU
		{D2D036E1-368F-43A2-A6AD-1DC7AC868314}.Release|Any CPU.ActiveCfg = Release|Any CPU
		{D2D036E1-368F-43A2-A6AD-1DC7AC868314}.Release|Any CPU.Build.0 = Release|Any CPU
		{67B599BE-DF01-46AF-9E28-80F8809F8468}.Debug|Any CPU.ActiveCfg = Debug|Any CPU
		{67B599BE-DF01-46AF-9E28-80F8809F8468}.Debug|Any CPU.Build.0 = Debug|Any CPU
		{67B599BE-DF01-46AF-9E28-80F8809F8468}.Release|Any CPU.ActiveCfg = Release|Any CPU
		{67B599BE-DF01-46AF-9E28-80F8809F8468}.Release|Any CPU.Build.0 = Release|Any CPU
		{6B36CAF8-41C5-450B-9241-0E4BC1078B23}.Debug|Any CPU.ActiveCfg = Debug|Any CPU
		{6B36CAF8-41C5-450B-9241-0E4BC1078B23}.Debug|Any CPU.Build.0 = Debug|Any CPU
		{6B36CAF8-41C5-450B-9241-0E4BC1078B23}.Release|Any CPU.ActiveCfg = Release|Any CPU
		{6B36CAF8-41C5-450B-9241-0E4BC1078B23}.Release|Any CPU.Build.0 = Release|Any CPU
		{193C97DE-8F6D-481C-BF69-9AA293C760DB}.Debug|Any CPU.ActiveCfg = Debug|Any CPU
		{193C97DE-8F6D-481C-BF69-9AA293C760DB}.Debug|Any CPU.Build.0 = Debug|Any CPU
		{193C97DE-8F6D-481C-BF69-9AA293C760DB}.Release|Any CPU.ActiveCfg = Release|Any CPU
		{193C97DE-8F6D-481C-BF69-9AA293C760DB}.Release|Any CPU.Build.0 = Release|Any CPU
		{A0DBE7AD-3B45-4595-9B06-F12A6F571CF6}.Debug|Any CPU.ActiveCfg = Debug|Any CPU
		{A0DBE7AD-3B45-4595-9B06-F12A6F571CF6}.Debug|Any CPU.Build.0 = Debug|Any CPU
		{A0DBE7AD-3B45-4595-9B06-F12A6F571CF6}.Release|Any CPU.ActiveCfg = Release|Any CPU
		{A0DBE7AD-3B45-4595-9B06-F12A6F571CF6}.Release|Any CPU.Build.0 = Release|Any CPU
	EndGlobalSection
	GlobalSection(SolutionProperties) = preSolution
		HideSolutionNode = FALSE
	EndGlobalSection
	GlobalSection(ExtensibilityGlobals) = postSolution
		SolutionGuid = {57028F4D-9133-49DA-9888-DD2F6222B9A7}
	EndGlobalSection
EndGlobal
